
Microsoft Visual Studio Solution File, Format Version 12.00
# Visual Studio 2012
Project("{8BC9CEB8-8B4A-11D0-8D11-00A0C91BC942}") = "ipj_util", "ipj_util\ipj_util.vcxproj", "{B36CFF8B-6520-43A6-901A-38DB27F4EFA8}"
EndProject
Project("{8BC9CEB8-8B4A-11D0-8D11-00A0C91BC942}") = "IRI", "IRI\IRI.vcxproj", "{388BBE26-4128-4201-8DC4-C13C8F3B8710}"
EndProject
Project("{8BC9CEB8-8B4A-11D0-8D11-00A0C91BC942}") = "IRI_Intro", "IRI_Intro\IRI_Intro.vcxproj", "{818DE22C-F086-439B-A4E0-3274A2866AAA}"
	ProjectSection(ProjectDependencies) = postProject
		{388BBE26-4128-4201-8DC4-C13C8F3B8710} = {388BBE26-4128-4201-8DC4-C13C8F3B8710}
		{B36CFF8B-6520-43A6-901A-38DB27F4EFA8} = {B36CFF8B-6520-43A6-901A-38DB27F4EFA8}
	EndProjectSection
EndProject
Project("{8BC9CEB8-8B4A-11D0-8D11-00A0C91BC942}") = "IRI_Access", "IRI_Access\IRI_Access.vcxproj", "{703FFD69-867D-40D8-AC08-E924E0C0A7A9}"
	ProjectSection(ProjectDependencies) = postProject
		{388BBE26-4128-4201-8DC4-C13C8F3B8710} = {388BBE26-4128-4201-8DC4-C13C8F3B8710}
		{B36CFF8B-6520-43A6-901A-38DB27F4EFA8} = {B36CFF8B-6520-43A6-901A-38DB27F4EFA8}
	EndProjectSection
EndProject
Project("{8BC9CEB8-8B4A-11D0-8D11-00A0C91BC942}") = "IRI_Change_Baudrate", "IRI_Change_Baudrate\IRI_Change_Baudrate.vcxproj", "{4EB5976B-8D9C-4C07-81C1-5F51B549CF72}"
	ProjectSection(ProjectDependencies) = postProject
		{388BBE26-4128-4201-8DC4-C13C8F3B8710} = {388BBE26-4128-4201-8DC4-C13C8F3B8710}
		{B36CFF8B-6520-43A6-901A-38DB27F4EFA8} = {B36CFF8B-6520-43A6-901A-38DB27F4EFA8}
	EndProjectSection
EndProject
Project("{8BC9CEB8-8B4A-11D0-8D11-00A0C91BC942}") = "IRI_GPIO", "IRI_GPIO\IRI_GPIO.vcxproj", "{C89870BF-66FF-4322-B1F7-708722F31C0A}"
	ProjectSection(ProjectDependencies) = postProject
		{388BBE26-4128-4201-8DC4-C13C8F3B8710} = {388BBE26-4128-4201-8DC4-C13C8F3B8710}
		{B36CFF8B-6520-43A6-901A-38DB27F4EFA8} = {B36CFF8B-6520-43A6-901A-38DB27F4EFA8}
	EndProjectSection
EndProject
Project("{8BC9CEB8-8B4A-11D0-8D11-00A0C91BC942}") = "IRI_Loader", "IRI_Loader\IRI_Loader.vcxproj", "{4883A2FD-DEBC-4870-894B-E00D6584E4B5}"
	ProjectSection(ProjectDependencies) = postProject
		{388BBE26-4128-4201-8DC4-C13C8F3B8710} = {388BBE26-4128-4201-8DC4-C13C8F3B8710}
		{B36CFF8B-6520-43A6-901A-38DB27F4EFA8} = {B36CFF8B-6520-43A6-901A-38DB27F4EFA8}
	EndProjectSection
EndProject
Project("{8BC9CEB8-8B4A-11D0-8D11-00A0C91BC942}") = "IRI_Select", "IRI_Select\IRI_Select.vcxproj", "{CCB4DF88-6CC8-4981-A8E2-C243063DEBCA}"
	ProjectSection(ProjectDependencies) = postProject
		{388BBE26-4128-4201-8DC4-C13C8F3B8710} = {388BBE26-4128-4201-8DC4-C13C8F3B8710}
		{B36CFF8B-6520-43A6-901A-38DB27F4EFA8} = {B36CFF8B-6520-43A6-901A-38DB27F4EFA8}
	EndProjectSection
EndProject
Project("{8BC9CEB8-8B4A-11D0-8D11-00A0C91BC942}") = "IRI_Power_Management", "IRI_Power_Management\IRI_Power_Management.vcxproj", "{6F19DB74-ED14-4590-B2DB-247235E1BBA4}"
	ProjectSection(ProjectDependencies) = postProject
		{388BBE26-4128-4201-8DC4-C13C8F3B8710} = {388BBE26-4128-4201-8DC4-C13C8F3B8710}
		{B36CFF8B-6520-43A6-901A-38DB27F4EFA8} = {B36CFF8B-6520-43A6-901A-38DB27F4EFA8}
	EndProjectSection
EndProject
Project("{8BC9CEB8-8B4A-11D0-8D11-00A0C91BC942}") = "IRI_Test_CW_PRBS", "IRI_Test_CW_PRBS\IRI_Test_CW_PRBS.vcxproj", "{D17C7DE6-C36F-4655-A03F-8B8E807448F4}"
	ProjectSection(ProjectDependencies) = postProject
		{388BBE26-4128-4201-8DC4-C13C8F3B8710} = {388BBE26-4128-4201-8DC4-C13C8F3B8710}
		{B36CFF8B-6520-43A6-901A-38DB27F4EFA8} = {B36CFF8B-6520-43A6-901A-38DB27F4EFA8}
	EndProjectSection
EndProject
Project("{8BC9CEB8-8B4A-11D0-8D11-00A0C91BC942}") = "IRI_Empty", "IRI_Empty\IRI_Empty.vcxproj", "{82380D09-33A9-4971-8884-6AA67E02A3E4}"
	ProjectSection(ProjectDependencies) = postProject
		{388BBE26-4128-4201-8DC4-C13C8F3B8710} = {388BBE26-4128-4201-8DC4-C13C8F3B8710}
		{B36CFF8B-6520-43A6-901A-38DB27F4EFA8} = {B36CFF8B-6520-43A6-901A-38DB27F4EFA8}
	EndProjectSection
EndProject
Project("{8BC9CEB8-8B4A-11D0-8D11-00A0C91BC942}") = "IRI_Multiple_Readers", "IRI_Multiple_Readers\IRI_Multiple_Readers.vcxproj", "{ECCE2E1B-D7CC-46BB-9CEE-B0BF70B804F6}"
	ProjectSection(ProjectDependencies) = postProject
		{388BBE26-4128-4201-8DC4-C13C8F3B8710} = {388BBE26-4128-4201-8DC4-C13C8F3B8710}
		{B36CFF8B-6520-43A6-901A-38DB27F4EFA8} = {B36CFF8B-6520-43A6-901A-38DB27F4EFA8}
	EndProjectSection
EndProject
Project("{8BC9CEB8-8B4A-11D0-8D11-00A0C91BC942}") = "IRI_External_Antenna_Mux", "IRI_External_Antenna_Mux\IRI_External_Antenna_Mux.vcxproj", "{8D0843D8-574B-4F2F-A575-2AB4CC014E90}"
	ProjectSection(ProjectDependencies) = postProject
		{388BBE26-4128-4201-8DC4-C13C8F3B8710} = {388BBE26-4128-4201-8DC4-C13C8F3B8710}
		{B36CFF8B-6520-43A6-901A-38DB27F4EFA8} = {B36CFF8B-6520-43A6-901A-38DB27F4EFA8}
	EndProjectSection
EndProject
Project("{8BC9CEB8-8B4A-11D0-8D11-00A0C91BC942}") = "IRI_Antenna_Descriptors", "IRI_Antenna_Descriptors\IRI_Antenna_Descriptors.vcxproj", "{8B915CC9-6AFC-41F1-BA1A-E45126BCE524}"
	ProjectSection(ProjectDependencies) = postProject
		{388BBE26-4128-4201-8DC4-C13C8F3B8710} = {388BBE26-4128-4201-8DC4-C13C8F3B8710}
		{B36CFF8B-6520-43A6-901A-38DB27F4EFA8} = {B36CFF8B-6520-43A6-901A-38DB27F4EFA8}
	EndProjectSection
EndProject
Global
	GlobalSection(SolutionConfigurationPlatforms) = preSolution
		Debug|Win32 = Debug|Win32
		Release|Win32 = Release|Win32
	EndGlobalSection
	GlobalSection(ProjectConfigurationPlatforms) = postSolution
		{B36CFF8B-6520-43A6-901A-38DB27F4EFA8}.Debug|Win32.ActiveCfg = Debug|Win32
		{B36CFF8B-6520-43A6-901A-38DB27F4EFA8}.Debug|Win32.Build.0 = Debug|Win32
		{B36CFF8B-6520-43A6-901A-38DB27F4EFA8}.Release|Win32.ActiveCfg = Release|Win32
		{B36CFF8B-6520-43A6-901A-38DB27F4EFA8}.Release|Win32.Build.0 = Release|Win32
		{388BBE26-4128-4201-8DC4-C13C8F3B8710}.Debug|Win32.ActiveCfg = Debug|Win32
		{388BBE26-4128-4201-8DC4-C13C8F3B8710}.Debug|Win32.Build.0 = Debug|Win32
		{388BBE26-4128-4201-8DC4-C13C8F3B8710}.Release|Win32.ActiveCfg = Release|Win32
		{388BBE26-4128-4201-8DC4-C13C8F3B8710}.Release|Win32.Build.0 = Release|Win32
		{818DE22C-F086-439B-A4E0-3274A2866AAA}.Debug|Win32.ActiveCfg = Debug|Win32
		{818DE22C-F086-439B-A4E0-3274A2866AAA}.Debug|Win32.Build.0 = Debug|Win32
		{818DE22C-F086-439B-A4E0-3274A2866AAA}.Release|Win32.ActiveCfg = Release|Win32
		{818DE22C-F086-439B-A4E0-3274A2866AAA}.Release|Win32.Build.0 = Release|Win32
		{703FFD69-867D-40D8-AC08-E924E0C0A7A9}.Debug|Win32.ActiveCfg = Debug|Win32
		{703FFD69-867D-40D8-AC08-E924E0C0A7A9}.Debug|Win32.Build.0 = Debug|Win32
		{703FFD69-867D-40D8-AC08-E924E0C0A7A9}.Release|Win32.ActiveCfg = Release|Win32
		{703FFD69-867D-40D8-AC08-E924E0C0A7A9}.Release|Win32.Build.0 = Release|Win32
		{4EB5976B-8D9C-4C07-81C1-5F51B549CF72}.Debug|Win32.ActiveCfg = Debug|Win32
		{4EB5976B-8D9C-4C07-81C1-5F51B549CF72}.Debug|Win32.Build.0 = Debug|Win32
		{4EB5976B-8D9C-4C07-81C1-5F51B549CF72}.Release|Win32.ActiveCfg = Release|Win32
		{4EB5976B-8D9C-4C07-81C1-5F51B549CF72}.Release|Win32.Build.0 = Release|Win32
		{C89870BF-66FF-4322-B1F7-708722F31C0A}.Debug|Win32.ActiveCfg = Debug|Win32
		{C89870BF-66FF-4322-B1F7-708722F31C0A}.Debug|Win32.Build.0 = Debug|Win32
		{C89870BF-66FF-4322-B1F7-708722F31C0A}.Release|Win32.ActiveCfg = Release|Win32
		{C89870BF-66FF-4322-B1F7-708722F31C0A}.Release|Win32.Build.0 = Release|Win32
		{4883A2FD-DEBC-4870-894B-E00D6584E4B5}.Debug|Win32.ActiveCfg = Debug|Win32
		{4883A2FD-DEBC-4870-894B-E00D6584E4B5}.Debug|Win32.Build.0 = Debug|Win32
		{4883A2FD-DEBC-4870-894B-E00D6584E4B5}.Release|Win32.ActiveCfg = Release|Win32
		{4883A2FD-DEBC-4870-894B-E00D6584E4B5}.Release|Win32.Build.0 = Release|Win32
		{CCB4DF88-6CC8-4981-A8E2-C243063DEBCA}.Debug|Win32.ActiveCfg = Debug|Win32
		{CCB4DF88-6CC8-4981-A8E2-C243063DEBCA}.Debug|Win32.Build.0 = Debug|Win32
		{CCB4DF88-6CC8-4981-A8E2-C243063DEBCA}.Release|Win32.ActiveCfg = Release|Win32
		{CCB4DF88-6CC8-4981-A8E2-C243063DEBCA}.Release|Win32.Build.0 = Release|Win32
		{6F19DB74-ED14-4590-B2DB-247235E1BBA4}.Debug|Win32.ActiveCfg = Debug|Win32
		{6F19DB74-ED14-4590-B2DB-247235E1BBA4}.Debug|Win32.Build.0 = Debug|Win32
		{6F19DB74-ED14-4590-B2DB-247235E1BBA4}.Release|Win32.ActiveCfg = Release|Win32
		{6F19DB74-ED14-4590-B2DB-247235E1BBA4}.Release|Win32.Build.0 = Release|Win32
		{D17C7DE6-C36F-4655-A03F-8B8E807448F4}.Debug|Win32.ActiveCfg = Debug|Win32
		{D17C7DE6-C36F-4655-A03F-8B8E807448F4}.Debug|Win32.Build.0 = Debug|Win32
		{D17C7DE6-C36F-4655-A03F-8B8E807448F4}.Release|Win32.ActiveCfg = Release|Win32
		{D17C7DE6-C36F-4655-A03F-8B8E807448F4}.Release|Win32.Build.0 = Release|Win32
		{82380D09-33A9-4971-8884-6AA67E02A3E4}.Debug|Win32.ActiveCfg = Debug|Win32
		{82380D09-33A9-4971-8884-6AA67E02A3E4}.Debug|Win32.Build.0 = Debug|Win32
		{82380D09-33A9-4971-8884-6AA67E02A3E4}.Release|Win32.ActiveCfg = Release|Win32
		{82380D09-33A9-4971-8884-6AA67E02A3E4}.Release|Win32.Build.0 = Release|Win32
		{ECCE2E1B-D7CC-46BB-9CEE-B0BF70B804F6}.Debug|Win32.ActiveCfg = Debug|Win32
		{ECCE2E1B-D7CC-46BB-9CEE-B0BF70B804F6}.Debug|Win32.Build.0 = Debug|Win32
		{ECCE2E1B-D7CC-46BB-9CEE-B0BF70B804F6}.Release|Win32.ActiveCfg = Release|Win32
		{8D0843D8-574B-4F2F-A575-2AB4CC014E90}.Debug|Win32.ActiveCfg = Debug|Win32
		{8D0843D8-574B-4F2F-A575-2AB4CC014E90}.Debug|Win32.Build.0 = Debug|Win32
		{8D0843D8-574B-4F2F-A575-2AB4CC014E90}.Release|Win32.ActiveCfg = Release|Win32
		{8D0843D8-574B-4F2F-A575-2AB4CC014E90}.Release|Win32.Build.0 = Release|Win32
		{8B915CC9-6AFC-41F1-BA1A-E45126BCE524}.Debug|Win32.ActiveCfg = Debug|Win32
		{8B915CC9-6AFC-41F1-BA1A-E45126BCE524}.Debug|Win32.Build.0 = Debug|Win32
		{8B915CC9-6AFC-41F1-BA1A-E45126BCE524}.Release|Win32.ActiveCfg = Release|Win32
		{8B915CC9-6AFC-41F1-BA1A-E45126BCE524}.Release|Win32.Build.0 = Release|Win32
	EndGlobalSection
	GlobalSection(SolutionProperties) = preSolution
		HideSolutionNode = FALSE
	EndGlobalSection
EndGlobal
