
Microsoft Visual Studio Solution File, Format Version 9.00
# Visual Studio 2005
Project("{8BC9CEB8-8B4A-11D0-8D11-00A0C91BC942}") = "ipj_util", "ipj_util\ipj_util.vcproj", "{86B7A6E7-FE89-4D21-A470-A0DB71C93793}"
EndProject
Project("{8BC9CEB8-8B4A-11D0-8D11-00A0C91BC942}") = "IRI", "IRI\IRI.vcproj", "{EBEAC21D-F51C-4994-8F65-B1F63CC96078}"
EndProject
Project("{8BC9CEB8-8B4A-11D0-8D11-00A0C91BC942}") = "IRI_Intro", "IRI_Intro\IRI_Intro.vcproj", "{99D71D06-F5AB-41E2-8805-AF7919399DFD}"
	ProjectSection(ProjectDependencies) = postProject
		{86B7A6E7-FE89-4D21-A470-A0DB71C93793} = {86B7A6E7-FE89-4D21-A470-A0DB71C93793}
		{EBEAC21D-F51C-4994-8F65-B1F63CC96078} = {EBEAC21D-F51C-4994-8F65-B1F63CC96078}
	EndProjectSection
EndProject
Project("{8BC9CEB8-8B4A-11D0-8D11-00A0C91BC942}") = "IRI_Access", "IRI_Access\IRI_Access.vcproj", "{E9D5733B-EF4F-4DDA-A898-7093001DA196}"
	ProjectSection(ProjectDependencies) = postProject
		{86B7A6E7-FE89-4D21-A470-A0DB71C93793} = {86B7A6E7-FE89-4D21-A470-A0DB71C93793}
		{EBEAC21D-F51C-4994-8F65-B1F63CC96078} = {EBEAC21D-F51C-4994-8F65-B1F63CC96078}
	EndProjectSection
EndProject
Project("{8BC9CEB8-8B4A-11D0-8D11-00A0C91BC942}") = "IRI_Change_Baudrate", "IRI_Change_Baudrate\IRI_Change_Baudrate.vcproj", "{B3E40E4D-7AC7-4EF2-A94D-A808778160CE}"
	ProjectSection(ProjectDependencies) = postProject
		{86B7A6E7-FE89-4D21-A470-A0DB71C93793} = {86B7A6E7-FE89-4D21-A470-A0DB71C93793}
		{EBEAC21D-F51C-4994-8F65-B1F63CC96078} = {EBEAC21D-F51C-4994-8F65-B1F63CC96078}
	EndProjectSection
EndProject
Project("{8BC9CEB8-8B4A-11D0-8D11-00A0C91BC942}") = "IRI_GPIO", "IRI_GPIO\IRI_GPIO.vcproj", "{C749CF37-49E3-4C80-9DCC-BBB334241AD5}"
	ProjectSection(ProjectDependencies) = postProject
		{86B7A6E7-FE89-4D21-A470-A0DB71C93793} = {86B7A6E7-FE89-4D21-A470-A0DB71C93793}
		{EBEAC21D-F51C-4994-8F65-B1F63CC96078} = {EBEAC21D-F51C-4994-8F65-B1F63CC96078}
	EndProjectSection
EndProject
Project("{8BC9CEB8-8B4A-11D0-8D11-00A0C91BC942}") = "IRI_Loader", "IRI_Loader\IRI_Loader.vcproj", "{111A38BE-61D8-4D6B-8221-B15D12670505}"
	ProjectSection(ProjectDependencies) = postProject
		{86B7A6E7-FE89-4D21-A470-A0DB71C93793} = {86B7A6E7-FE89-4D21-A470-A0DB71C93793}
		{EBEAC21D-F51C-4994-8F65-B1F63CC96078} = {EBEAC21D-F51C-4994-8F65-B1F63CC96078}
	EndProjectSection
EndProject
Project("{8BC9CEB8-8B4A-11D0-8D11-00A0C91BC942}") = "IRI_Select", "IRI_Select\IRI_Select.vcproj", "{4B8FB179-8501-4625-819A-3A92FA308B79}"
	ProjectSection(ProjectDependencies) = postProject
		{86B7A6E7-FE89-4D21-A470-A0DB71C93793} = {86B7A6E7-FE89-4D21-A470-A0DB71C93793}
		{EBEAC21D-F51C-4994-8F65-B1F63CC96078} = {EBEAC21D-F51C-4994-8F65-B1F63CC96078}
	EndProjectSection
EndProject
Project("{8BC9CEB8-8B4A-11D0-8D11-00A0C91BC942}") = "IRI_Power_Management", "IRI_Power_Management\IRI_Power_Management.vcproj", "{549F079A-88CF-4C8C-A45C-7D7AC6F5CA9F}"
	ProjectSection(ProjectDependencies) = postProject
		{86B7A6E7-FE89-4D21-A470-A0DB71C93793} = {86B7A6E7-FE89-4D21-A470-A0DB71C93793}
		{EBEAC21D-F51C-4994-8F65-B1F63CC96078} = {EBEAC21D-F51C-4994-8F65-B1F63CC96078}
	EndProjectSection
EndProject
Project("{8BC9CEB8-8B4A-11D0-8D11-00A0C91BC942}") = "IRI_Test_CW_PRBS", "IRI_Test_CW_PRBS\IRI_Test_CW_PRBS.vcproj", "{EE01040A-3080-4C9A-BA58-9CA0F63D3359}"
	ProjectSection(ProjectDependencies) = postProject
		{86B7A6E7-FE89-4D21-A470-A0DB71C93793} = {86B7A6E7-FE89-4D21-A470-A0DB71C93793}
		{EBEAC21D-F51C-4994-8F65-B1F63CC96078} = {EBEAC21D-F51C-4994-8F65-B1F63CC96078}
	EndProjectSection
EndProject
Project("{8BC9CEB8-8B4A-11D0-8D11-00A0C91BC942}") = "IRI_Empty", "IRI_Empty\IRI_Empty.vcproj", "{C70D6859-D11B-49EC-AFC2-AD440C199334}"
	ProjectSection(ProjectDependencies) = postProject
		{86B7A6E7-FE89-4D21-A470-A0DB71C93793} = {86B7A6E7-FE89-4D21-A470-A0DB71C93793}
		{EBEAC21D-F51C-4994-8F65-B1F63CC96078} = {EBEAC21D-F51C-4994-8F65-B1F63CC96078}
	EndProjectSection
EndProject
Project("{8BC9CEB8-8B4A-11D0-8D11-00A0C91BC942}") = "IRI_Multiple_Readers", "IRI_Multiple_Readers\IRI_Multiple_Readers.vcproj", "{377049C4-34EE-4318-92D0-1EBB59D85D6F}"
	ProjectSection(ProjectDependencies) = postProject
		{86B7A6E7-FE89-4D21-A470-A0DB71C93793} = {86B7A6E7-FE89-4D21-A470-A0DB71C93793}
		{EBEAC21D-F51C-4994-8F65-B1F63CC96078} = {EBEAC21D-F51C-4994-8F65-B1F63CC96078}
	EndProjectSection
EndProject
Project("{8BC9CEB8-8B4A-11D0-8D11-00A0C91BC942}") = "IRI_External_Antenna_Mux", "IRI_External_Antenna_Mux\IRI_External_Antenna_Mux.vcproj", "{3D14E2DE-A8CA-465C-97E6-91FF9E82ECD4}"
	ProjectSection(ProjectDependencies) = postProject
		{86B7A6E7-FE89-4D21-A470-A0DB71C93793} = {86B7A6E7-FE89-4D21-A470-A0DB71C93793}
		{EBEAC21D-F51C-4994-8F65-B1F63CC96078} = {EBEAC21D-F51C-4994-8F65-B1F63CC96078}
	EndProjectSection
EndProject
Project("{8BC9CEB8-8B4A-11D0-8D11-00A0C91BC942}") = "IRI_Antenna_Descriptors", "IRI_Antenna_Descriptors\IRI_Antenna_Descriptors.vcproj", "{7B51FA41-467F-4FB2-882C-A7AE08BAE21E}"
	ProjectSection(ProjectDependencies) = postProject
		{EBEAC21D-F51C-4994-8F65-B1F63CC96078} = {EBEAC21D-F51C-4994-8F65-B1F63CC96078}
		{86B7A6E7-FE89-4D21-A470-A0DB71C93793} = {86B7A6E7-FE89-4D21-A470-A0DB71C93793}
	EndProjectSection
EndProject
Global
	GlobalSection(SolutionConfigurationPlatforms) = preSolution
		Debug|Win32 = Debug|Win32
		Release|Win32 = Release|Win32
	EndGlobalSection
	GlobalSection(ProjectConfigurationPlatforms) = postSolution
		{86B7A6E7-FE89-4D21-A470-A0DB71C93793}.Debug|Win32.ActiveCfg = Debug|Win32
		{86B7A6E7-FE89-4D21-A470-A0DB71C93793}.Debug|Win32.Build.0 = Debug|Win32
		{86B7A6E7-FE89-4D21-A470-A0DB71C93793}.Release|Win32.ActiveCfg = Release|Win32
		{86B7A6E7-FE89-4D21-A470-A0DB71C93793}.Release|Win32.Build.0 = Release|Win32
		{EBEAC21D-F51C-4994-8F65-B1F63CC96078}.Debug|Win32.ActiveCfg = Debug|Win32
		{EBEAC21D-F51C-4994-8F65-B1F63CC96078}.Debug|Win32.Build.0 = Debug|Win32
		{EBEAC21D-F51C-4994-8F65-B1F63CC96078}.Release|Win32.ActiveCfg = Release|Win32
		{EBEAC21D-F51C-4994-8F65-B1F63CC96078}.Release|Win32.Build.0 = Release|Win32
		{99D71D06-F5AB-41E2-8805-AF7919399DFD}.Debug|Win32.ActiveCfg = Debug|Win32
		{99D71D06-F5AB-41E2-8805-AF7919399DFD}.Debug|Win32.Build.0 = Debug|Win32
		{99D71D06-F5AB-41E2-8805-AF7919399DFD}.Release|Win32.ActiveCfg = Release|Win32
		{99D71D06-F5AB-41E2-8805-AF7919399DFD}.Release|Win32.Build.0 = Release|Win32
		{E9D5733B-EF4F-4DDA-A898-7093001DA196}.Debug|Win32.ActiveCfg = Debug|Win32
		{E9D5733B-EF4F-4DDA-A898-7093001DA196}.Debug|Win32.Build.0 = Debug|Win32
		{E9D5733B-EF4F-4DDA-A898-7093001DA196}.Release|Win32.ActiveCfg = Release|Win32
		{E9D5733B-EF4F-4DDA-A898-7093001DA196}.Release|Win32.Build.0 = Release|Win32
		{B3E40E4D-7AC7-4EF2-A94D-A808778160CE}.Debug|Win32.ActiveCfg = Debug|Win32
		{B3E40E4D-7AC7-4EF2-A94D-A808778160CE}.Debug|Win32.Build.0 = Debug|Win32
		{B3E40E4D-7AC7-4EF2-A94D-A808778160CE}.Release|Win32.ActiveCfg = Release|Win32
		{B3E40E4D-7AC7-4EF2-A94D-A808778160CE}.Release|Win32.Build.0 = Release|Win32
		{C749CF37-49E3-4C80-9DCC-BBB334241AD5}.Debug|Win32.ActiveCfg = Debug|Win32
		{C749CF37-49E3-4C80-9DCC-BBB334241AD5}.Debug|Win32.Build.0 = Debug|Win32
		{C749CF37-49E3-4C80-9DCC-BBB334241AD5}.Release|Win32.ActiveCfg = Release|Win32
		{C749CF37-49E3-4C80-9DCC-BBB334241AD5}.Release|Win32.Build.0 = Release|Win32
		{111A38BE-61D8-4D6B-8221-B15D12670505}.Debug|Win32.ActiveCfg = Debug|Win32
		{111A38BE-61D8-4D6B-8221-B15D12670505}.Debug|Win32.Build.0 = Debug|Win32
		{111A38BE-61D8-4D6B-8221-B15D12670505}.Release|Win32.ActiveCfg = Release|Win32
		{111A38BE-61D8-4D6B-8221-B15D12670505}.Release|Win32.Build.0 = Release|Win32
		{4B8FB179-8501-4625-819A-3A92FA308B79}.Debug|Win32.ActiveCfg = Debug|Win32
		{4B8FB179-8501-4625-819A-3A92FA308B79}.Debug|Win32.Build.0 = Debug|Win32
		{4B8FB179-8501-4625-819A-3A92FA308B79}.Release|Win32.ActiveCfg = Release|Win32
		{4B8FB179-8501-4625-819A-3A92FA308B79}.Release|Win32.Build.0 = Release|Win32
		{549F079A-88CF-4C8C-A45C-7D7AC6F5CA9F}.Debug|Win32.ActiveCfg = Debug|Win32
		{549F079A-88CF-4C8C-A45C-7D7AC6F5CA9F}.Debug|Win32.Build.0 = Debug|Win32
		{549F079A-88CF-4C8C-A45C-7D7AC6F5CA9F}.Release|Win32.ActiveCfg = Release|Win32
		{549F079A-88CF-4C8C-A45C-7D7AC6F5CA9F}.Release|Win32.Build.0 = Release|Win32
		{EE01040A-3080-4C9A-BA58-9CA0F63D3359}.Debug|Win32.ActiveCfg = Debug|Win32
		{EE01040A-3080-4C9A-BA58-9CA0F63D3359}.Debug|Win32.Build.0 = Debug|Win32
		{EE01040A-3080-4C9A-BA58-9CA0F63D3359}.Release|Win32.ActiveCfg = Release|Win32
		{EE01040A-3080-4C9A-BA58-9CA0F63D3359}.Release|Win32.Build.0 = Release|Win32
		{C70D6859-D11B-49EC-AFC2-AD440C199334}.Debug|Win32.ActiveCfg = Debug|Win32
		{C70D6859-D11B-49EC-AFC2-AD440C199334}.Debug|Win32.Build.0 = Debug|Win32
		{C70D6859-D11B-49EC-AFC2-AD440C199334}.Release|Win32.ActiveCfg = Release|Win32
		{C70D6859-D11B-49EC-AFC2-AD440C199334}.Release|Win32.Build.0 = Release|Win32
		{377049C4-34EE-4318-92D0-1EBB59D85D6F}.Debug|Win32.ActiveCfg = Debug|Win32
		{377049C4-34EE-4318-92D0-1EBB59D85D6F}.Debug|Win32.Build.0 = Debug|Win32
		{377049C4-34EE-4318-92D0-1EBB59D85D6F}.Release|Win32.ActiveCfg = Release|Win32
		{377049C4-34EE-4318-92D0-1EBB59D85D6F}.Release|Win32.Build.0 = Release|Win32
		{3D14E2DE-A8CA-465C-97E6-91FF9E82ECD4}.Debug|Win32.ActiveCfg = Debug|Win32
		{3D14E2DE-A8CA-465C-97E6-91FF9E82ECD4}.Debug|Win32.Build.0 = Debug|Win32
		{3D14E2DE-A8CA-465C-97E6-91FF9E82ECD4}.Release|Win32.ActiveCfg = Release|Win32
		{3D14E2DE-A8CA-465C-97E6-91FF9E82ECD4}.Release|Win32.Build.0 = Release|Win32
		{7B51FA41-467F-4FB2-882C-A7AE08BAE21E}.Debug|Win32.ActiveCfg = Debug|Win32
		{7B51FA41-467F-4FB2-882C-A7AE08BAE21E}.Debug|Win32.Build.0 = Debug|Win32
		{7B51FA41-467F-4FB2-882C-A7AE08BAE21E}.Release|Win32.ActiveCfg = Release|Win32
		{7B51FA41-467F-4FB2-882C-A7AE08BAE21E}.Release|Win32.Build.0 = Release|Win32
	EndGlobalSection
	GlobalSection(SolutionProperties) = preSolution
		HideSolutionNode = FALSE
	EndGlobalSection
EndGlobal
